// !$*UTF8*$!
{
	archiveVersion = 1;
	classes = {
	};
	objectVersion = 56;
	objects = {

/* Begin PBXBuildFile section */
		218B45BD2B5E81A100469141 /* ScrumdingerApp.swift in Sources */ = {isa = PBXBuildFile; fileRef = 218B45BC2B5E81A100469141 /* ScrumdingerApp.swift */; };
		218B45BF2B5E81A100469141 /* MeetingView.swift in Sources */ = {isa = PBXBuildFile; fileRef = 218B45BE2B5E81A100469141 /* MeetingView.swift */; };
		218B45C12B5E81A600469141 /* Assets.xcassets in Resources */ = {isa = PBXBuildFile; fileRef = 218B45C02B5E81A600469141 /* Assets.xcassets */; };
		218B45C42B5E81A600469141 /* Preview Assets.xcassets in Resources */ = {isa = PBXBuildFile; fileRef = 218B45C32B5E81A600469141 /* Preview Assets.xcassets */; };
		218B45CE2B5E81A700469141 /* ScrumdingerTests.swift in Sources */ = {isa = PBXBuildFile; fileRef = 218B45CD2B5E81A700469141 /* ScrumdingerTests.swift */; };
		218B45D82B5E81A700469141 /* ScrumdingerUITests.swift in Sources */ = {isa = PBXBuildFile; fileRef = 218B45D72B5E81A700469141 /* ScrumdingerUITests.swift */; };
		218B45DA2B5E81A700469141 /* ScrumdingerUITestsLaunchTests.swift in Sources */ = {isa = PBXBuildFile; fileRef = 218B45D92B5E81A700469141 /* ScrumdingerUITestsLaunchTests.swift */; };
		218B45E82B5E857D00469141 /* Theme.swift in Sources */ = {isa = PBXBuildFile; fileRef = 218B45E72B5E857D00469141 /* Theme.swift */; };
		218B45EA2B5E86BC00469141 /* DailyScrum.swift in Sources */ = {isa = PBXBuildFile; fileRef = 218B45E92B5E86BC00469141 /* DailyScrum.swift */; };
		218B45EC2B5E87C600469141 /* CardView.swift in Sources */ = {isa = PBXBuildFile; fileRef = 218B45EB2B5E87C600469141 /* CardView.swift */; };
		218B45EE2B5E8C3600469141 /* TrailingIconLabelStyle.swift in Sources */ = {isa = PBXBuildFile; fileRef = 218B45ED2B5E8C3600469141 /* TrailingIconLabelStyle.swift */; };
		218B45F02B5E8E1C00469141 /* ScrumsView.swift in Sources */ = {isa = PBXBuildFile; fileRef = 218B45EF2B5E8E1C00469141 /* ScrumsView.swift */; };
		218B45F22B5E91F200469141 /* DetailView.swift in Sources */ = {isa = PBXBuildFile; fileRef = 218B45F12B5E91F200469141 /* DetailView.swift */; };
		218B45F42B5E95EC00469141 /* DetailEditView.swift in Sources */ = {isa = PBXBuildFile; fileRef = 218B45F32B5E95EC00469141 /* DetailEditView.swift */; };
/* End PBXBuildFile section */

/* Begin PBXContainerItemProxy section */
		218B45CA2B5E81A700469141 /* PBXContainerItemProxy */ = {
			isa = PBXContainerItemProxy;
			containerPortal = 218B45B12B5E81A000469141 /* Project object */;
			proxyType = 1;
			remoteGlobalIDString = 218B45B82B5E81A000469141;
			remoteInfo = Scrumdinger;
		};
		218B45D42B5E81A700469141 /* PBXContainerItemProxy */ = {
			isa = PBXContainerItemProxy;
			containerPortal = 218B45B12B5E81A000469141 /* Project object */;
			proxyType = 1;
			remoteGlobalIDString = 218B45B82B5E81A000469141;
			remoteInfo = Scrumdinger;
		};
/* End PBXContainerItemProxy section */

/* Begin PBXFileReference section */
		218B45B92B5E81A100469141 /* Scrumdinger.app */ = {isa = PBXFileReference; explicitFileType = wrapper.application; includeInIndex = 0; path = Scrumdinger.app; sourceTree = BUILT_PRODUCTS_DIR; };
		218B45BC2B5E81A100469141 /* ScrumdingerApp.swift */ = {isa = PBXFileReference; lastKnownFileType = sourcecode.swift; path = ScrumdingerApp.swift; sourceTree = "<group>"; };
		218B45BE2B5E81A100469141 /* MeetingView.swift */ = {isa = PBXFileReference; lastKnownFileType = sourcecode.swift; path = MeetingView.swift; sourceTree = "<group>"; };
		218B45C02B5E81A600469141 /* Assets.xcassets */ = {isa = PBXFileReference; lastKnownFileType = folder.assetcatalog; path = Assets.xcassets; sourceTree = "<group>"; };
		218B45C32B5E81A600469141 /* Preview Assets.xcassets */ = {isa = PBXFileReference; lastKnownFileType = folder.assetcatalog; path = "Preview Assets.xcassets"; sourceTree = "<group>"; };
		218B45C92B5E81A700469141 /* ScrumdingerTests.xctest */ = {isa = PBXFileReference; explicitFileType = wrapper.cfbundle; includeInIndex = 0; path = ScrumdingerTests.xctest; sourceTree = BUILT_PRODUCTS_DIR; };
		218B45CD2B5E81A700469141 /* ScrumdingerTests.swift */ = {isa = PBXFileReference; lastKnownFileType = sourcecode.swift; path = ScrumdingerTests.swift; sourceTree = "<group>"; };
		218B45D32B5E81A700469141 /* ScrumdingerUITests.xctest */ = {isa = PBXFileReference; explicitFileType = wrapper.cfbundle; includeInIndex = 0; path = ScrumdingerUITests.xctest; sourceTree = BUILT_PRODUCTS_DIR; };
		218B45D72B5E81A700469141 /* ScrumdingerUITests.swift */ = {isa = PBXFileReference; lastKnownFileType = sourcecode.swift; path = ScrumdingerUITests.swift; sourceTree = "<group>"; };
		218B45D92B5E81A700469141 /* ScrumdingerUITestsLaunchTests.swift */ = {isa = PBXFileReference; lastKnownFileType = sourcecode.swift; path = ScrumdingerUITestsLaunchTests.swift; sourceTree = "<group>"; };
		218B45E72B5E857D00469141 /* Theme.swift */ = {isa = PBXFileReference; lastKnownFileType = sourcecode.swift; path = Theme.swift; sourceTree = "<group>"; };
		218B45E92B5E86BC00469141 /* DailyScrum.swift */ = {isa = PBXFileReference; lastKnownFileType = sourcecode.swift; path = DailyScrum.swift; sourceTree = "<group>"; };
		218B45EB2B5E87C600469141 /* CardView.swift */ = {isa = PBXFileReference; lastKnownFileType = sourcecode.swift; path = CardView.swift; sourceTree = "<group>"; };
		218B45ED2B5E8C3600469141 /* TrailingIconLabelStyle.swift */ = {isa = PBXFileReference; lastKnownFileType = sourcecode.swift; path = TrailingIconLabelStyle.swift; sourceTree = "<group>"; };
		218B45EF2B5E8E1C00469141 /* ScrumsView.swift */ = {isa = PBXFileReference; lastKnownFileType = sourcecode.swift; path = ScrumsView.swift; sourceTree = "<group>"; };
		218B45F12B5E91F200469141 /* DetailView.swift */ = {isa = PBXFileReference; lastKnownFileType = sourcecode.swift; path = DetailView.swift; sourceTree = "<group>"; };
		218B45F32B5E95EC00469141 /* DetailEditView.swift */ = {isa = PBXFileReference; lastKnownFileType = sourcecode.swift; path = DetailEditView.swift; sourceTree = "<group>"; };
/* End PBXFileReference section */

/* Begin PBXFrameworksBuildPhase section */
		218B45B62B5E81A000469141 /* Frameworks */ = {
			isa = PBXFrameworksBuildPhase;
			buildActionMask = 2147483647;
			files = (
			);
			runOnlyForDeploymentPostprocessing = 0;
		};
		218B45C62B5E81A700469141 /* Frameworks */ = {
			isa = PBXFrameworksBuildPhase;
			buildActionMask = 2147483647;
			files = (
			);
			runOnlyForDeploymentPostprocessing = 0;
		};
		218B45D02B5E81A700469141 /* Frameworks */ = {
			isa = PBXFrameworksBuildPhase;
			buildActionMask = 2147483647;
			files = (
			);
			runOnlyForDeploymentPostprocessing = 0;
		};
/* End PBXFrameworksBuildPhase section */

/* Begin PBXGroup section */
		218B45B02B5E81A000469141 = {
			isa = PBXGroup;
			children = (
				218B45BB2B5E81A100469141 /* Scrumdinger */,
				218B45CC2B5E81A700469141 /* ScrumdingerTests */,
				218B45D62B5E81A700469141 /* ScrumdingerUITests */,
				218B45BA2B5E81A100469141 /* Products */,
			);
			sourceTree = "<group>";
		};
		218B45BA2B5E81A100469141 /* Products */ = {
			isa = PBXGroup;
			children = (
				218B45B92B5E81A100469141 /* Scrumdinger.app */,
				218B45C92B5E81A700469141 /* ScrumdingerTests.xctest */,
				218B45D32B5E81A700469141 /* ScrumdingerUITests.xctest */,
			);
			name = Products;
			sourceTree = "<group>";
		};
		218B45BB2B5E81A100469141 /* Scrumdinger */ = {
			isa = PBXGroup;
			children = (
				218B45E62B5E856300469141 /* Models */,
				218B45BC2B5E81A100469141 /* ScrumdingerApp.swift */,
				218B45BE2B5E81A100469141 /* MeetingView.swift */,
				218B45C02B5E81A600469141 /* Assets.xcassets */,
				218B45C22B5E81A600469141 /* Preview Content */,
				218B45EB2B5E87C600469141 /* CardView.swift */,
				218B45ED2B5E8C3600469141 /* TrailingIconLabelStyle.swift */,
				218B45EF2B5E8E1C00469141 /* ScrumsView.swift */,
				218B45F12B5E91F200469141 /* DetailView.swift */,
				218B45F32B5E95EC00469141 /* DetailEditView.swift */,
			);
			path = Scrumdinger;
			sourceTree = "<group>";
		};
		218B45C22B5E81A600469141 /* Preview Content */ = {
			isa = PBXGroup;
			children = (
				218B45C32B5E81A600469141 /* Preview Assets.xcassets */,
			);
			path = "Preview Content";
			sourceTree = "<group>";
		};
		218B45CC2B5E81A700469141 /* ScrumdingerTests */ = {
			isa = PBXGroup;
			children = (
				218B45CD2B5E81A700469141 /* ScrumdingerTests.swift */,
			);
			path = ScrumdingerTests;
			sourceTree = "<group>";
		};
		218B45D62B5E81A700469141 /* ScrumdingerUITests */ = {
			isa = PBXGroup;
			children = (
				218B45D72B5E81A700469141 /* ScrumdingerUITests.swift */,
				218B45D92B5E81A700469141 /* ScrumdingerUITestsLaunchTests.swift */,
			);
			path = ScrumdingerUITests;
			sourceTree = "<group>";
		};
		218B45E62B5E856300469141 /* Models */ = {
			isa = PBXGroup;
			children = (
				218B45E72B5E857D00469141 /* Theme.swift */,
				218B45E92B5E86BC00469141 /* DailyScrum.swift */,
			);
			path = Models;
			sourceTree = "<group>";
		};
/* End PBXGroup section */

/* Begin PBXNativeTarget section */
		218B45B82B5E81A000469141 /* Scrumdinger */ = {
			isa = PBXNativeTarget;
			buildConfigurationList = 218B45DD2B5E81A700469141 /* Build configuration list for PBXNativeTarget "Scrumdinger" */;
			buildPhases = (
				218B45B52B5E81A000469141 /* Sources */,
				218B45B62B5E81A000469141 /* Frameworks */,
				218B45B72B5E81A000469141 /* Resources */,
			);
			buildRules = (
			);
			dependencies = (
			);
			name = Scrumdinger;
			productName = Scrumdinger;
			productReference = 218B45B92B5E81A100469141 /* Scrumdinger.app */;
			productType = "com.apple.product-type.application";
		};
		218B45C82B5E81A700469141 /* ScrumdingerTests */ = {
			isa = PBXNativeTarget;
			buildConfigurationList = 218B45E02B5E81A700469141 /* Build configuration list for PBXNativeTarget "ScrumdingerTests" */;
			buildPhases = (
				218B45C52B5E81A700469141 /* Sources */,
				218B45C62B5E81A700469141 /* Frameworks */,
				218B45C72B5E81A700469141 /* Resources */,
			);
			buildRules = (
			);
			dependencies = (
				218B45CB2B5E81A700469141 /* PBXTargetDependency */,
			);
			name = ScrumdingerTests;
			productName = ScrumdingerTests;
			productReference = 218B45C92B5E81A700469141 /* ScrumdingerTests.xctest */;
			productType = "com.apple.product-type.bundle.unit-test";
		};
		218B45D22B5E81A700469141 /* ScrumdingerUITests */ = {
			isa = PBXNativeTarget;
			buildConfigurationList = 218B45E32B5E81A700469141 /* Build configuration list for PBXNativeTarget "ScrumdingerUITests" */;
			buildPhases = (
				218B45CF2B5E81A700469141 /* Sources */,
				218B45D02B5E81A700469141 /* Frameworks */,
				218B45D12B5E81A700469141 /* Resources */,
			);
			buildRules = (
			);
			dependencies = (
				218B45D52B5E81A700469141 /* PBXTargetDependency */,
			);
			name = ScrumdingerUITests;
			productName = ScrumdingerUITests;
			productReference = 218B45D32B5E81A700469141 /* ScrumdingerUITests.xctest */;
			productType = "com.apple.product-type.bundle.ui-testing";
		};
/* End PBXNativeTarget section */

/* Begin PBXProject section */
		218B45B12B5E81A000469141 /* Project object */ = {
			isa = PBXProject;
			attributes = {
				BuildIndependentTargetsInParallel = 1;
				LastSwiftUpdateCheck = 1500;
				LastUpgradeCheck = 1500;
				TargetAttributes = {
					218B45B82B5E81A000469141 = {
						CreatedOnToolsVersion = 15.0;
					};
					218B45C82B5E81A700469141 = {
						CreatedOnToolsVersion = 15.0;
						TestTargetID = 218B45B82B5E81A000469141;
					};
					218B45D22B5E81A700469141 = {
						CreatedOnToolsVersion = 15.0;
						TestTargetID = 218B45B82B5E81A000469141;
					};
				};
			};
			buildConfigurationList = 218B45B42B5E81A000469141 /* Build configuration list for PBXProject "Scrumdinger" */;
			compatibilityVersion = "Xcode 14.0";
			developmentRegion = en;
			hasScannedForEncodings = 0;
			knownRegions = (
				en,
				Base,
			);
			mainGroup = 218B45B02B5E81A000469141;
			productRefGroup = 218B45BA2B5E81A100469141 /* Products */;
			projectDirPath = "";
			projectRoot = "";
			targets = (
				218B45B82B5E81A000469141 /* Scrumdinger */,
				218B45C82B5E81A700469141 /* ScrumdingerTests */,
				218B45D22B5E81A700469141 /* ScrumdingerUITests */,
			);
		};
/* End PBXProject section */

/* Begin PBXResourcesBuildPhase section */
		218B45B72B5E81A000469141 /* Resources */ = {
			isa = PBXResourcesBuildPhase;
			buildActionMask = 2147483647;
			files = (
				218B45C42B5E81A600469141 /* Preview Assets.xcassets in Resources */,
				218B45C12B5E81A600469141 /* Assets.xcassets in Resources */,
			);
			runOnlyForDeploymentPostprocessing = 0;
		};
		218B45C72B5E81A700469141 /* Resources */ = {
			isa = PBXResourcesBuildPhase;
			buildActionMask = 2147483647;
			files = (
			);
			runOnlyForDeploymentPostprocessing = 0;
		};
		218B45D12B5E81A700469141 /* Resources */ = {
			isa = PBXResourcesBuildPhase;
			buildActionMask = 2147483647;
			files = (
			);
			runOnlyForDeploymentPostprocessing = 0;
		};
/* End PBXResourcesBuildPhase section */

/* Begin PBXSourcesBuildPhase section */
		218B45B52B5E81A000469141 /* Sources */ = {
			isa = PBXSourcesBuildPhase;
			buildActionMask = 2147483647;
			files = (
				218B45EA2B5E86BC00469141 /* DailyScrum.swift in Sources */,
				218B45F22B5E91F200469141 /* DetailView.swift in Sources */,
				218B45F42B5E95EC00469141 /* DetailEditView.swift in Sources */,
				218B45EE2B5E8C3600469141 /* TrailingIconLabelStyle.swift in Sources */,
				218B45E82B5E857D00469141 /* Theme.swift in Sources */,
				218B45F02B5E8E1C00469141 /* ScrumsView.swift in Sources */,
				218B45BF2B5E81A100469141 /* MeetingView.swift in Sources */,
				218B45BD2B5E81A100469141 /* ScrumdingerApp.swift in Sources */,
				218B45EC2B5E87C600469141 /* CardView.swift in Sources */,
			);
			runOnlyForDeploymentPostprocessing = 0;
		};
		218B45C52B5E81A700469141 /* Sources */ = {
			isa = PBXSourcesBuildPhase;
			buildActionMask = 2147483647;
			files = (
				218B45CE2B5E81A700469141 /* ScrumdingerTests.swift in Sources */,
			);
			runOnlyForDeploymentPostprocessing = 0;
		};
		218B45CF2B5E81A700469141 /* Sources */ = {
			isa = PBXSourcesBuildPhase;
			buildActionMask = 2147483647;
			files = (
				218B45DA2B5E81A700469141 /* ScrumdingerUITestsLaunchTests.swift in Sources */,
				218B45D82B5E81A700469141 /* ScrumdingerUITests.swift in Sources */,
			);
			runOnlyForDeploymentPostprocessing = 0;
		};
/* End PBXSourcesBuildPhase section */

/* Begin PBXTargetDependency section */
		218B45CB2B5E81A700469141 /* PBXTargetDependency */ = {
			isa = PBXTargetDependency;
			target = 218B45B82B5E81A000469141 /* Scrumdinger */;
			targetProxy = 218B45CA2B5E81A700469141 /* PBXContainerItemProxy */;
		};
		218B45D52B5E81A700469141 /* PBXTargetDependency */ = {
			isa = PBXTargetDependency;
			target = 218B45B82B5E81A000469141 /* Scrumdinger */;
			targetProxy = 218B45D42B5E81A700469141 /* PBXContainerItemProxy */;
		};
/* End PBXTargetDependency section */

/* Begin XCBuildConfiguration section */
		218B45DB2B5E81A700469141 /* Debug */ = {
			isa = XCBuildConfiguration;
			buildSettings = {
				ALWAYS_SEARCH_USER_PATHS = NO;
				ASSETCATALOG_COMPILER_GENERATE_SWIFT_ASSET_SYMBOL_EXTENSIONS = YES;
				CLANG_ANALYZER_NONNULL = YES;
				CLANG_ANALYZER_NUMBER_OBJECT_CONVERSION = YES_AGGRESSIVE;
				CLANG_CXX_LANGUAGE_STANDARD = "gnu++20";
				CLANG_ENABLE_MODULES = YES;
				CLANG_ENABLE_OBJC_ARC = YES;
				CLANG_ENABLE_OBJC_WEAK = YES;
				CLANG_WARN_BLOCK_CAPTURE_AUTORELEASING = YES;
				CLANG_WARN_BOOL_CONVERSION = YES;
				CLANG_WARN_COMMA = YES;
				CLANG_WARN_CONSTANT_CONVERSION = YES;
				CLANG_WARN_DEPRECATED_OBJC_IMPLEMENTATIONS = YES;
				CLANG_WARN_DIRECT_OBJC_ISA_USAGE = YES_ERROR;
				CLANG_WARN_DOCUMENTATION_COMMENTS = YES;
				CLANG_WARN_EMPTY_BODY = YES;
				CLANG_WARN_ENUM_CONVERSION = YES;
				CLANG_WARN_INFINITE_RECURSION = YES;
				CLANG_WARN_INT_CONVERSION = YES;
				CLANG_WARN_NON_LITERAL_NULL_CONVERSION = YES;
				CLANG_WARN_OBJC_IMPLICIT_RETAIN_SELF = YES;
				CLANG_WARN_OBJC_LITERAL_CONVERSION = YES;
				CLANG_WARN_OBJC_ROOT_CLASS = YES_ERROR;
				CLANG_WARN_QUOTED_INCLUDE_IN_FRAMEWORK_HEADER = YES;
				CLANG_WARN_RANGE_LOOP_ANALYSIS = YES;
				CLANG_WARN_STRICT_PROTOTYPES = YES;
				CLANG_WARN_SUSPICIOUS_MOVE = YES;
				CLANG_WARN_UNGUARDED_AVAILABILITY = YES_AGGRESSIVE;
				CLANG_WARN_UNREACHABLE_CODE = YES;
				CLANG_WARN__DUPLICATE_METHOD_MATCH = YES;
				COPY_PHASE_STRIP = NO;
				DEBUG_INFORMATION_FORMAT = dwarf;
				ENABLE_STRICT_OBJC_MSGSEND = YES;
				ENABLE_TESTABILITY = YES;
				ENABLE_USER_SCRIPT_SANDBOXING = YES;
				GCC_C_LANGUAGE_STANDARD = gnu17;
				GCC_DYNAMIC_NO_PIC = NO;
				GCC_NO_COMMON_BLOCKS = YES;
				GCC_OPTIMIZATION_LEVEL = 0;
				GCC_PREPROCESSOR_DEFINITIONS = (
					"DEBUG=1",
					"$(inherited)",
				);
				GCC_WARN_64_TO_32_BIT_CONVERSION = YES;
				GCC_WARN_ABOUT_RETURN_TYPE = YES_ERROR;
				GCC_WARN_UNDECLARED_SELECTOR = YES;
				GCC_WARN_UNINITIALIZED_AUTOS = YES_AGGRESSIVE;
				GCC_WARN_UNUSED_FUNCTION = YES;
				GCC_WARN_UNUSED_VARIABLE = YES;
				IPHONEOS_DEPLOYMENT_TARGET = 17.0;
				LOCALIZATION_PREFERS_STRING_CATALOGS = YES;
				MTL_ENABLE_DEBUG_INFO = INCLUDE_SOURCE;
				MTL_FAST_MATH = YES;
				ONLY_ACTIVE_ARCH = YES;
				SDKROOT = iphoneos;
				SWIFT_ACTIVE_COMPILATION_CONDITIONS = "DEBUG $(inherited)";
				SWIFT_OPTIMIZATION_LEVEL = "-Onone";
			};
			name = Debug;
		};
		218B45DC2B5E81A700469141 /* Release */ = {
			isa = XCBuildConfiguration;
			buildSettings = {
				ALWAYS_SEARCH_USER_PATHS = NO;
				ASSETCATALOG_COMPILER_GENERATE_SWIFT_ASSET_SYMBOL_EXTENSIONS = YES;
				CLANG_ANALYZER_NONNULL = YES;
				CLANG_ANALYZER_NUMBER_OBJECT_CONVERSION = YES_AGGRESSIVE;
				CLANG_CXX_LANGUAGE_STANDARD = "gnu++20";
				CLANG_ENABLE_MODULES = YES;
				CLANG_ENABLE_OBJC_ARC = YES;
				CLANG_ENABLE_OBJC_WEAK = YES;
				CLANG_WARN_BLOCK_CAPTURE_AUTORELEASING = YES;
				CLANG_WARN_BOOL_CONVERSION = YES;
				CLANG_WARN_COMMA = YES;
				CLANG_WARN_CONSTANT_CONVERSION = YES;
				CLANG_WARN_DEPRECATED_OBJC_IMPLEMENTATIONS = YES;
				CLANG_WARN_DIRECT_OBJC_ISA_USAGE = YES_ERROR;
				CLANG_WARN_DOCUMENTATION_COMMENTS = YES;
				CLANG_WARN_EMPTY_BODY = YES;
				CLANG_WARN_ENUM_CONVERSION = YES;
				CLANG_WARN_INFINITE_RECURSION = YES;
				CLANG_WARN_INT_CONVERSION = YES;
				CLANG_WARN_NON_LITERAL_NULL_CONVERSION = YES;
				CLANG_WARN_OBJC_IMPLICIT_RETAIN_SELF = YES;
				CLANG_WARN_OBJC_LITERAL_CONVERSION = YES;
				CLANG_WARN_OBJC_ROOT_CLASS = YES_ERROR;
				CLANG_WARN_QUOTED_INCLUDE_IN_FRAMEWORK_HEADER = YES;
				CLANG_WARN_RANGE_LOOP_ANALYSIS = YES;
				CLANG_WARN_STRICT_PROTOTYPES = YES;
				CLANG_WARN_SUSPICIOUS_MOVE = YES;
				CLANG_WARN_UNGUARDED_AVAILABILITY = YES_AGGRESSIVE;
				CLANG_WARN_UNREACHABLE_CODE = YES;
				CLANG_WARN__DUPLICATE_METHOD_MATCH = YES;
				COPY_PHASE_STRIP = NO;
				DEBUG_INFORMATION_FORMAT = "dwarf-with-dsym";
				ENABLE_NS_ASSERTIONS = NO;
				ENABLE_STRICT_OBJC_MSGSEND = YES;
				ENABLE_USER_SCRIPT_SANDBOXING = YES;
				GCC_C_LANGUAGE_STANDARD = gnu17;
				GCC_NO_COMMON_BLOCKS = YES;
				GCC_WARN_64_TO_32_BIT_CONVERSION = YES;
				GCC_WARN_ABOUT_RETURN_TYPE = YES_ERROR;
				GCC_WARN_UNDECLARED_SELECTOR = YES;
				GCC_WARN_UNINITIALIZED_AUTOS = YES_AGGRESSIVE;
				GCC_WARN_UNUSED_FUNCTION = YES;
				GCC_WARN_UNUSED_VARIABLE = YES;
				IPHONEOS_DEPLOYMENT_TARGET = 17.0;
				LOCALIZATION_PREFERS_STRING_CATALOGS = YES;
				MTL_ENABLE_DEBUG_INFO = NO;
				MTL_FAST_MATH = YES;
				SDKROOT = iphoneos;
				SWIFT_COMPILATION_MODE = wholemodule;
				VALIDATE_PRODUCT = YES;
			};
			name = Release;
		};
		218B45DE2B5E81A700469141 /* Debug */ = {
			isa = XCBuildConfiguration;
			buildSettings = {
				ASSETCATALOG_COMPILER_APPICON_NAME = AppIcon;
				ASSETCATALOG_COMPILER_GLOBAL_ACCENT_COLOR_NAME = AccentColor;
				CODE_SIGN_STYLE = Automatic;
				CURRENT_PROJECT_VERSION = 1;
				DEVELOPMENT_ASSET_PATHS = "\"Scrumdinger/Preview Content\"";
				DEVELOPMENT_TEAM = FL9JC8BVRA;
				ENABLE_PREVIEWS = YES;
				GENERATE_INFOPLIST_FILE = YES;
				INFOPLIST_KEY_UIApplicationSceneManifest_Generation = YES;
				INFOPLIST_KEY_UIApplicationSupportsIndirectInputEvents = YES;
				INFOPLIST_KEY_UILaunchScreen_Generation = YES;
				INFOPLIST_KEY_UISupportedInterfaceOrientations_iPad = "UIInterfaceOrientationPortrait UIInterfaceOrientationPortraitUpsideDown UIInterfaceOrientationLandscapeLeft UIInterfaceOrientationLandscapeRight";
				INFOPLIST_KEY_UISupportedInterfaceOrientations_iPhone = "UIInterfaceOrientationPortrait UIInterfaceOrientationLandscapeLeft UIInterfaceOrientationLandscapeRight";
				LD_RUNPATH_SEARCH_PATHS = (
					"$(inherited)",
					"@executable_path/Frameworks",
				);
				MARKETING_VERSION = 1.0;
				PRODUCT_BUNDLE_IDENTIFIER = killerbyteworkshop.Scrumdinger;
				PRODUCT_NAME = "$(TARGET_NAME)";
				SWIFT_EMIT_LOC_STRINGS = YES;
				SWIFT_VERSION = 5.0;
				TARGETED_DEVICE_FAMILY = "1,2";
			};
			name = Debug;
		};
		218B45DF2B5E81A700469141 /* Release */ = {
			isa = XCBuildConfiguration;
			buildSettings = {
				ASSETCATALOG_COMPILER_APPICON_NAME = AppIcon;
				ASSETCATALOG_COMPILER_GLOBAL_ACCENT_COLOR_NAME = AccentColor;
				CODE_SIGN_STYLE = Automatic;
				CURRENT_PROJECT_VERSION = 1;
				DEVELOPMENT_ASSET_PATHS = "\"Scrumdinger/Preview Content\"";
				DEVELOPMENT_TEAM = FL9JC8BVRA;
				ENABLE_PREVIEWS = YES;
				GENERATE_INFOPLIST_FILE = YES;
				INFOPLIST_KEY_UIApplicationSceneManifest_Generation = YES;
				INFOPLIST_KEY_UIApplicationSupportsIndirectInputEvents = YES;
				INFOPLIST_KEY_UILaunchScreen_Generation = YES;
				INFOPLIST_KEY_UISupportedInterfaceOrientations_iPad = "UIInterfaceOrientationPortrait UIInterfaceOrientationPortraitUpsideDown UIInterfaceOrientationLandscapeLeft UIInterfaceOrientationLandscapeRight";
				INFOPLIST_KEY_UISupportedInterfaceOrientations_iPhone = "UIInterfaceOrientationPortrait UIInterfaceOrientationLandscapeLeft UIInterfaceOrientationLandscapeRight";
				LD_RUNPATH_SEARCH_PATHS = (
					"$(inherited)",
					"@executable_path/Frameworks",
				);
				MARKETING_VERSION = 1.0;
				PRODUCT_BUNDLE_IDENTIFIER = killerbyteworkshop.Scrumdinger;
				PRODUCT_NAME = "$(TARGET_NAME)";
				SWIFT_EMIT_LOC_STRINGS = YES;
				SWIFT_VERSION = 5.0;
				TARGETED_DEVICE_FAMILY = "1,2";
			};
			name = Release;
		};
		218B45E12B5E81A700469141 /* Debug */ = {
			isa = XCBuildConfiguration;
			buildSettings = {
				ALWAYS_EMBED_SWIFT_STANDARD_LIBRARIES = YES;
				BUNDLE_LOADER = "$(TEST_HOST)";
				CODE_SIGN_STYLE = Automatic;
				CURRENT_PROJECT_VERSION = 1;
				DEVELOPMENT_TEAM = FL9JC8BVRA;
				GENERATE_INFOPLIST_FILE = YES;
				IPHONEOS_DEPLOYMENT_TARGET = 17.0;
				MARKETING_VERSION = 1.0;
				PRODUCT_BUNDLE_IDENTIFIER = killerbyteworkshop.ScrumdingerTests;
				PRODUCT_NAME = "$(TARGET_NAME)";
				SWIFT_EMIT_LOC_STRINGS = NO;
				SWIFT_VERSION = 5.0;
				TARGETED_DEVICE_FAMILY = "1,2";
				TEST_HOST = "$(BUILT_PRODUCTS_DIR)/Scrumdinger.app/$(BUNDLE_EXECUTABLE_FOLDER_PATH)/Scrumdinger";
			};
			name = Debug;
		};
		218B45E22B5E81A700469141 /* Release */ = {
			isa = XCBuildConfiguration;
			buildSettings = {
				ALWAYS_EMBED_SWIFT_STANDARD_LIBRARIES = YES;
				BUNDLE_LOADER = "$(TEST_HOST)";
				CODE_SIGN_STYLE = Automatic;
				CURRENT_PROJECT_VERSION = 1;
				DEVELOPMENT_TEAM = FL9JC8BVRA;
				GENERATE_INFOPLIST_FILE = YES;
				IPHONEOS_DEPLOYMENT_TARGET = 17.0;
				MARKETING_VERSION = 1.0;
				PRODUCT_BUNDLE_IDENTIFIER = killerbyteworkshop.ScrumdingerTests;
				PRODUCT_NAME = "$(TARGET_NAME)";
				SWIFT_EMIT_LOC_STRINGS = NO;
				SWIFT_VERSION = 5.0;
				TARGETED_DEVICE_FAMILY = "1,2";
				TEST_HOST = "$(BUILT_PRODUCTS_DIR)/Scrumdinger.app/$(BUNDLE_EXECUTABLE_FOLDER_PATH)/Scrumdinger";
			};
			name = Release;
		};
		218B45E42B5E81A700469141 /* Debug */ = {
			isa = XCBuildConfiguration;
			buildSettings = {
				ALWAYS_EMBED_SWIFT_STANDARD_LIBRARIES = YES;
				CODE_SIGN_STYLE = Automatic;
				CURRENT_PROJECT_VERSION = 1;
				DEVELOPMENT_TEAM = FL9JC8BVRA;
				GENERATE_INFOPLIST_FILE = YES;
				MARKETING_VERSION = 1.0;
				PRODUCT_BUNDLE_IDENTIFIER = killerbyteworkshop.ScrumdingerUITests;
				PRODUCT_NAME = "$(TARGET_NAME)";
				SWIFT_EMIT_LOC_STRINGS = NO;
				SWIFT_VERSION = 5.0;
				TARGETED_DEVICE_FAMILY = "1,2";
				TEST_TARGET_NAME = Scrumdinger;
			};
			name = Debug;
		};
		218B45E52B5E81A700469141 /* Release */ = {
			isa = XCBuildConfiguration;
			buildSettings = {
				ALWAYS_EMBED_SWIFT_STANDARD_LIBRARIES = YES;
				CODE_SIGN_STYLE = Automatic;
				CURRENT_PROJECT_VERSION = 1;
				DEVELOPMENT_TEAM = FL9JC8BVRA;
				GENERATE_INFOPLIST_FILE = YES;
				MARKETING_VERSION = 1.0;
				PRODUCT_BUNDLE_IDENTIFIER = killerbyteworkshop.ScrumdingerUITests;
				PRODUCT_NAME = "$(TARGET_NAME)";
				SWIFT_EMIT_LOC_STRINGS = NO;
				SWIFT_VERSION = 5.0;
				TARGETED_DEVICE_FAMILY = "1,2";
				TEST_TARGET_NAME = Scrumdinger;
			};
			name = Release;
		};
/* End XCBuildConfiguration section */

/* Begin XCConfigurationList section */
		218B45B42B5E81A000469141 /* Build configuration list for PBXProject "Scrumdinger" */ = {
			isa = XCConfigurationList;
			buildConfigurations = (
				218B45DB2B5E81A700469141 /* Debug */,
				218B45DC2B5E81A700469141 /* Release */,
			);
			defaultConfigurationIsVisible = 0;
			defaultConfigurationName = Release;
		};
		218B45DD2B5E81A700469141 /* Build configuration list for PBXNativeTarget "Scrumdinger" */ = {
			isa = XCConfigurationList;
			buildConfigurations = (
				218B45DE2B5E81A700469141 /* Debug */,
				218B45DF2B5E81A700469141 /* Release */,
			);
			defaultConfigurationIsVisible = 0;
			defaultConfigurationName = Release;
		};
		218B45E02B5E81A700469141 /* Build configuration list for PBXNativeTarget "ScrumdingerTests" */ = {
			isa = XCConfigurationList;
			buildConfigurations = (
				218B45E12B5E81A700469141 /* Debug */,
				218B45E22B5E81A700469141 /* Release */,
			);
			defaultConfigurationIsVisible = 0;
			defaultConfigurationName = Release;
		};
		218B45E32B5E81A700469141 /* Build configuration list for PBXNativeTarget "ScrumdingerUITests" */ = {
			isa = XCConfigurationList;
			buildConfigurations = (
				218B45E42B5E81A700469141 /* Debug */,
				218B45E52B5E81A700469141 /* Release */,
			);
			defaultConfigurationIsVisible = 0;
			defaultConfigurationName = Release;
		};
/* End XCConfigurationList section */
	};
	rootObject = 218B45B12B5E81A000469141 /* Project object */;
}
